
Microsoft Visual Studio Solution File, Format Version 12.00
# Visual Studio Version 17
VisualStudioVersion = 17.0.31919.166
MinimumVisualStudioVersion = 10.0.40219.1
Project("{FAE04EC0-301F-11D3-BF4B-00C04F79EFBC}") = "FastFood", "FastFood.csproj", "{4D48F395-9763-45F1-9589-276E09825DD9}"
EndProject
Global
	GlobalSection(SolutionConfigurationPlatforms) = preSolution
		Debug|Any CPU = Debug|Any CPU
		Release|Any CPU = Release|Any CPU
	EndGlobalSection
	GlobalSection(ProjectConfigurationPlatforms) = postSolution
		{4D48F395-9763-45F1-9589-276E09825DD9}.Debug|Any CPU.ActiveCfg = Debug|Any CPU
		{4D48F395-9763-45F1-9589-276E09825DD9}.Debug|Any CPU.Build.0 = Debug|Any CPU
		{4D48F395-9763-45F1-9589-276E09825DD9}.Release|Any CPU.ActiveCfg = Release|Any CPU
		{4D48F395-9763-45F1-9589-276E09825DD9}.Release|Any CPU.Build.0 = Release|Any CPU
	EndGlobalSection
	GlobalSection(SolutionProperties) = preSolution
		HideSolutionNode = FALSE
	EndGlobalSection
	GlobalSection(ExtensibilityGlobals) = postSolution
		SolutionGuid = {B477E729-E2AC-4047-A22D-D923A6CA7670}
	EndGlobalSection
EndGlobal
